
Microsoft Visual Studio Solution File, Format Version 12.00
# Visual Studio 15
VisualStudioVersion = 15.0.27130.2027
MinimumVisualStudioVersion = 10.0.40219.1
Project("{FAE04EC0-301F-11D3-BF4B-00C04F79EFBC}") = "MetricsData", "MetricsData\MetricsData.csproj", "{0272B850-E107-49EA-B080-58E53C1FF61C}"
EndProject
Global
	GlobalSection(SolutionConfigurationPlatforms) = preSolution
		Debug|Any CPU = Debug|Any CPU
		Release|Any CPU = Release|Any CPU
	EndGlobalSection
	GlobalSection(ProjectConfigurationPlatforms) = postSolution
		{0272B850-E107-49EA-B080-58E53C1FF61C}.Debug|Any CPU.ActiveCfg = Debug|Any CPU
		{0272B850-E107-49EA-B080-58E53C1FF61C}.Debug|Any CPU.Build.0 = Debug|Any CPU
		{0272B850-E107-49EA-B080-58E53C1FF61C}.Release|Any CPU.ActiveCfg = Release|Any CPU
		{0272B850-E107-49EA-B080-58E53C1FF61C}.Release|Any CPU.Build.0 = Release|Any CPU
	EndGlobalSection
	GlobalSection(SolutionProperties) = preSolution
		HideSolutionNode = FALSE
	EndGlobalSection
	GlobalSection(ExtensibilityGlobals) = postSolution
		SolutionGuid = {10912FDE-4ED1-428E-B340-66A8B4F92CFA}
	EndGlobalSection
EndGlobal
